
Microsoft Visual Studio Solution File, Format Version 12.00
# Visual Studio 15
VisualStudioVersion = 15.0.28010.2019
MinimumVisualStudioVersion = 10.0.40219.1
Project("{FAE04EC0-301F-11D3-BF4B-00C04F79EFBC}") = "PIDCtrl", "PIDCtrl.csproj", "{EF769D1D-E96D-49EE-8BF0-154CBEA4810F}"
EndProject
Global
	GlobalSection(SolutionConfigurationPlatforms) = preSolution
		Debug|Any CPU = Debug|Any CPU
		Release|Any CPU = Release|Any CPU
	EndGlobalSection
	GlobalSection(ProjectConfigurationPlatforms) = postSolution
		{EF769D1D-E96D-49EE-8BF0-154CBEA4810F}.Debug|Any CPU.ActiveCfg = Debug|Any CPU
		{EF769D1D-E96D-49EE-8BF0-154CBEA4810F}.Debug|Any CPU.Build.0 = Debug|Any CPU
		{EF769D1D-E96D-49EE-8BF0-154CBEA4810F}.Release|Any CPU.ActiveCfg = Release|Any CPU
		{EF769D1D-E96D-49EE-8BF0-154CBEA4810F}.Release|Any CPU.Build.0 = Release|Any CPU
	EndGlobalSection
	GlobalSection(SolutionProperties) = preSolution
		HideSolutionNode = FALSE
	EndGlobalSection
	GlobalSection(ExtensibilityGlobals) = postSolution
		SolutionGuid = {2FA8D3FB-EE94-4F51-A59B-E1987D90FB4C}
	EndGlobalSection
EndGlobal
